{
  "name": "@3leaps/sysprims",
  "version": "0.2.2",
  "lockfileVersion": 3,
  "requires": true,
  "packages": {
    "": {
      "name": "@3leaps/sysprims",
      "version": "0.2.2",
      "license": "MIT OR Apache-2.0",
      "devDependencies": {
        "@napi-rs/cli": "^2.18.4",
        "@types/node": "^22.10.0",
        "typescript": "^5.6.3"
      },
      "engines": {
        "node": ">=18"
      },
      "optionalDependencies": {
        "@3leaps/sysprims-darwin-arm64": "0.2.2",
        "@3leaps/sysprims-linux-arm64-gnu": "0.2.2",
        "@3leaps/sysprims-linux-arm64-musl": "0.2.2",
        "@3leaps/sysprims-linux-x64-gnu": "0.2.2",
        "@3leaps/sysprims-linux-x64-musl": "0.2.2",
        "@3leaps/sysprims-win32-arm64-msvc": "0.2.2",
        "@3leaps/sysprims-win32-x64-msvc": "0.2.2"
      }
    },
    "node_modules/@3leaps/sysprims-darwin-arm64": {
      "version": "0.2.2",
      "resolved": "https://registry.npmjs.org/@3leaps/sysprims-darwin-arm64/-/sysprims-darwin-arm64-0.2.2.tgz",
      "integrity": "sha512-lZUEcL8lwAL9RoYkICAxDb31sT4CiFj0KQ+/Ld3ytFAUsm11fxQeehWdLEjCXCWwHxPn8eVzMAB0J8q+ALeiMw==",
      "cpu": [
        "arm64"
      ],
      "license": "MIT OR Apache-2.0",
      "optional": true,
      "os": [
        "darwin"
      ],
      "engines": {
        "node": ">=18"
      }
    },
    "node_modules/@3leaps/sysprims-linux-arm64-gnu": {
      "version": "0.2.2",
      "resolved": "https://registry.npmjs.org/@3leaps/sysprims-linux-arm64-gnu/-/sysprims-linux-arm64-gnu-0.2.2.tgz",
      "integrity": "sha512-HlXA/+P43DHEE1VvdfQA9uQj50XwN0Z89yplyfxkG98oqgOkg0tb2cQjANhD+TCImSB2lVMekiY6ANn58lgyQg==",
      "cpu": [
        "arm64"
      ],
      "libc": [
        "glibc"
      ],
      "license": "MIT OR Apache-2.0",
      "optional": true,
      "os": [
        "linux"
      ],
      "engines": {
        "node": ">=18"
      }
    },
    "node_modules/@3leaps/sysprims-linux-arm64-musl": {
      "version": "0.2.2",
      "resolved": "https://registry.npmjs.org/@3leaps/sysprims-linux-arm64-musl/-/sysprims-linux-arm64-musl-0.2.2.tgz",
      "integrity": "sha512-rbXH2f12koNup/dGoHCvSKsZG8eW1Mv5IJQJhopb/Kqmy4LTECkhWg5aGpxKJCISpPL43ZPf8cmMgNlOSNgcHg==",
      "cpu": [
        "arm64"
      ],
      "libc": [
        "musl"
      ],
      "license": "MIT OR Apache-2.0",
      "optional": true,
      "os": [
        "linux"
      ],
      "engines": {
        "node": ">=18"
      }
    },
    "node_modules/@3leaps/sysprims-linux-x64-gnu": {
      "version": "0.2.2",
      "resolved": "https://registry.npmjs.org/@3leaps/sysprims-linux-x64-gnu/-/sysprims-linux-x64-gnu-0.2.2.tgz",
      "integrity": "sha512-LWl0WudAa4zF7V67EGbGCLfrSBd75pQpaBJjaBhFnsQ7xerH6cvSvatXT1h2rkDAuVE1jIEsBktjsWnoWFOb3g==",
      "cpu": [
        "x64"
      ],
      "libc": [
        "glibc"
      ],
      "license": "MIT OR Apache-2.0",
      "optional": true,
      "os": [
        "linux"
      ],
      "engines": {
        "node": ">=18"
      }
    },
    "node_modules/@3leaps/sysprims-linux-x64-musl": {
      "version": "0.2.2",
      "resolved": "https://registry.npmjs.org/@3leaps/sysprims-linux-x64-musl/-/sysprims-linux-x64-musl-0.2.2.tgz",
      "integrity": "sha512-e9IAXG7JUmYj2eMek58439rI9A/pr/ns5OdNotuVPqDs+TDF+hNUVTy5qudcTVUFxf/Oi4QW3meAuaP/bOsRlw==",
      "cpu": [
        "x64"
      ],
      "libc": [
        "musl"
      ],
      "license": "MIT OR Apache-2.0",
      "optional": true,
      "os": [
        "linux"
      ],
      "engines": {
        "node": ">=18"
      }
    },
    "node_modules/@3leaps/sysprims-win32-arm64-msvc": {
      "version": "0.2.2",
      "resolved": "https://registry.npmjs.org/@3leaps/sysprims-win32-arm64-msvc/-/sysprims-win32-arm64-msvc-0.2.2.tgz",
      "integrity": "sha512-Pq047X5PC3o1+zo9t43Nz9E/5QgjlqnCsf5FAEMvvnzxz+Z3rRumhclx7P0qsGVaJcww0OuEQjZufwJkbtaKNw==",
      "cpu": [
        "arm64"
      ],
      "license": "MIT OR Apache-2.0",
      "optional": true,
      "os": [
        "win32"
      ],
      "engines": {
        "node": ">=18"
      }
    },
    "node_modules/@3leaps/sysprims-win32-x64-msvc": {
      "version": "0.2.2",
      "resolved": "https://registry.npmjs.org/@3leaps/sysprims-win32-x64-msvc/-/sysprims-win32-x64-msvc-0.2.2.tgz",
      "integrity": "sha512-BleN/fCNMjXdycTySB7pGglJbkYSMfwuGBj9BGuKWfXxYuTTtMpsk9+pNUskh8J/p5W39uGtXB8mO233YC64hw==",
      "cpu": [
        "x64"
      ],
      "license": "MIT OR Apache-2.0",
      "optional": true,
      "os": [
        "win32"
      ],
      "engines": {
        "node": ">=18"
      }
    },
    "node_modules/@napi-rs/cli": {
      "version": "2.18.4",
      "resolved": "https://registry.npmjs.org/@napi-rs/cli/-/cli-2.18.4.tgz",
      "integrity": "sha512-SgJeA4df9DE2iAEpr3M2H0OKl/yjtg1BnRI5/JyowS71tUWhrfSu2LT0V3vlHET+g1hBVlrO60PmEXwUEKp8Mg==",
      "dev": true,
      "license": "MIT",
      "bin": {
        "napi": "scripts/index.js"
      },
      "engines": {
        "node": ">= 10"
      },
      "funding": {
        "type": "github",
        "url": "https://github.com/sponsors/Brooooooklyn"
      }
    },
    "node_modules/@types/node": {
      "version": "22.20.1",
      "resolved": "https://registry.npmjs.org/@types/node/-/node-22.20.1.tgz",
      "integrity": "sha512-EANqOCF9QFyra+4pfxUcX9STKJpCLjMbObVzljIJomAWSnuSIEAvyzEU53GaajbXJEgdh0iEcPL+DGvpUd4k1Q==",
      "dev": true,
      "license": "MIT",
      "dependencies": {
        "undici-types": "~6.21.0"
      }
    },
    "node_modules/typescript": {
      "version": "5.9.3",
      "resolved": "https://registry.npmjs.org/typescript/-/typescript-5.9.3.tgz",
      "integrity": "sha512-jl1vZzPDinLr9eUt3J/t7V6FgNEw9QjvBPdysz9KfQDD41fQrC2Y4vKQdiaUpFT4bXlb1RHhLpp8wtm6M5TgSw==",
      "dev": true,
      "license": "Apache-2.0",
      "bin": {
        "tsc": "bin/tsc",
        "tsserver": "bin/tsserver"
      },
      "engines": {
        "node": ">=14.17"
      }
    },
    "node_modules/undici-types": {
      "version": "6.21.0",
      "resolved": "https://registry.npmjs.org/undici-types/-/undici-types-6.21.0.tgz",
      "integrity": "sha512-iwDZqg0QAGrg9Rav5H4n0M64c3mkR59cJ6wQp+7C4nI0gsmExaedaYLNO44eT4AtBBwjbTiGPMlt2Md0T9H9JQ==",
      "dev": true,
      "license": "MIT"
    }
  }
}
