{
  "name": "@3leaps/sysprims",
  "version": "0.2.0",
  "lockfileVersion": 3,
  "requires": true,
  "packages": {
    "": {
      "name": "@3leaps/sysprims",
      "version": "0.2.0",
      "license": "MIT OR Apache-2.0",
      "devDependencies": {
        "@napi-rs/cli": "^2.18.4",
        "@types/node": "^22.10.0",
        "typescript": "^5.6.3"
      },
      "engines": {
        "node": ">=18"
      },
      "optionalDependencies": {
        "@3leaps/sysprims-darwin-arm64": "0.2.0",
        "@3leaps/sysprims-linux-arm64-gnu": "0.2.0",
        "@3leaps/sysprims-linux-arm64-musl": "0.2.0",
        "@3leaps/sysprims-linux-x64-gnu": "0.2.0",
        "@3leaps/sysprims-linux-x64-musl": "0.2.0",
        "@3leaps/sysprims-win32-arm64-msvc": "0.2.0",
        "@3leaps/sysprims-win32-x64-msvc": "0.2.0"
      }
    },
    "node_modules/@3leaps/sysprims-darwin-arm64": {
      "version": "0.2.0",
      "resolved": "https://registry.npmjs.org/@3leaps/sysprims-darwin-arm64/-/sysprims-darwin-arm64-0.2.0.tgz",
      "integrity": "sha512-wEHhArjLFhyh2WfWtYK0YVsQQ6gIicfgGKDPYpTb/Dk5nufmEyPVLXDGAlvrDOnmygbcHaaruq1iwSTkXY6w4A==",
      "cpu": [
        "arm64"
      ],
      "license": "MIT OR Apache-2.0",
      "optional": true,
      "os": [
        "darwin"
      ],
      "engines": {
        "node": ">=18"
      }
    },
    "node_modules/@3leaps/sysprims-linux-arm64-gnu": {
      "version": "0.2.0",
      "resolved": "https://registry.npmjs.org/@3leaps/sysprims-linux-arm64-gnu/-/sysprims-linux-arm64-gnu-0.2.0.tgz",
      "integrity": "sha512-hO+3K2WnBY+VjerLo/p4Wn4Bysn3fhHf5SxY0Pm2oQuy2NMbNeIMo243Kwxy24nhFuL92NuyQOfjknc3iO9naw==",
      "cpu": [
        "arm64"
      ],
      "libc": [
        "glibc"
      ],
      "license": "MIT OR Apache-2.0",
      "optional": true,
      "os": [
        "linux"
      ],
      "engines": {
        "node": ">=18"
      }
    },
    "node_modules/@3leaps/sysprims-linux-arm64-musl": {
      "version": "0.2.0",
      "resolved": "https://registry.npmjs.org/@3leaps/sysprims-linux-arm64-musl/-/sysprims-linux-arm64-musl-0.2.0.tgz",
      "integrity": "sha512-lR9M0hmpTUzHCzENQgYmgo8V+a+GoKQx9UFhnctPx9RStG71dHympgayeNnK17ZVwKpOE4m4/M8Wy9T1rutyBA==",
      "cpu": [
        "arm64"
      ],
      "libc": [
        "musl"
      ],
      "license": "MIT OR Apache-2.0",
      "optional": true,
      "os": [
        "linux"
      ],
      "engines": {
        "node": ">=18"
      }
    },
    "node_modules/@3leaps/sysprims-linux-x64-gnu": {
      "version": "0.2.0",
      "resolved": "https://registry.npmjs.org/@3leaps/sysprims-linux-x64-gnu/-/sysprims-linux-x64-gnu-0.2.0.tgz",
      "integrity": "sha512-2c8a98ZdHZmtrQ6YV6V11uENDxeU5Jwy9F8TDcFU2eawI8qYkeVz1QWQ+hyu0MmWhJUfh2XiP5lFIJXFRH9tng==",
      "cpu": [
        "x64"
      ],
      "libc": [
        "glibc"
      ],
      "license": "MIT OR Apache-2.0",
      "optional": true,
      "os": [
        "linux"
      ],
      "engines": {
        "node": ">=18"
      }
    },
    "node_modules/@3leaps/sysprims-linux-x64-musl": {
      "version": "0.2.0",
      "resolved": "https://registry.npmjs.org/@3leaps/sysprims-linux-x64-musl/-/sysprims-linux-x64-musl-0.2.0.tgz",
      "integrity": "sha512-JDuB/Jg015gSBO2qc+fjNFYtv4AuVYXwRQ0kUDYyafkSrzA4xozHu5EBQ2NECv5XCo0PK/psqcO6RlZ5Xge/+Q==",
      "cpu": [
        "x64"
      ],
      "libc": [
        "musl"
      ],
      "license": "MIT OR Apache-2.0",
      "optional": true,
      "os": [
        "linux"
      ],
      "engines": {
        "node": ">=18"
      }
    },
    "node_modules/@3leaps/sysprims-win32-arm64-msvc": {
      "version": "0.2.0",
      "resolved": "https://registry.npmjs.org/@3leaps/sysprims-win32-arm64-msvc/-/sysprims-win32-arm64-msvc-0.2.0.tgz",
      "integrity": "sha512-z7DxW4iwic83KtPqvMZino+ZYnjHY0a6gH0OsBEbqD6kloqUQSJW4jyHaWDB3Lul3QqHiZbo/0DtMe66+7w0gg==",
      "cpu": [
        "arm64"
      ],
      "license": "MIT OR Apache-2.0",
      "optional": true,
      "os": [
        "win32"
      ],
      "engines": {
        "node": ">=18"
      }
    },
    "node_modules/@3leaps/sysprims-win32-x64-msvc": {
      "version": "0.2.0",
      "resolved": "https://registry.npmjs.org/@3leaps/sysprims-win32-x64-msvc/-/sysprims-win32-x64-msvc-0.2.0.tgz",
      "integrity": "sha512-O6d+UBU+WzbNbMz/cdZv0j1477NzhAqtT8rTiaO4PUHv3TE0T0JuuP1AqK+0wQdwips9lpnK5ltkOE9OlG1KQw==",
      "cpu": [
        "x64"
      ],
      "license": "MIT OR Apache-2.0",
      "optional": true,
      "os": [
        "win32"
      ],
      "engines": {
        "node": ">=18"
      }
    },
    "node_modules/@napi-rs/cli": {
      "version": "2.18.4",
      "resolved": "https://registry.npmjs.org/@napi-rs/cli/-/cli-2.18.4.tgz",
      "integrity": "sha512-SgJeA4df9DE2iAEpr3M2H0OKl/yjtg1BnRI5/JyowS71tUWhrfSu2LT0V3vlHET+g1hBVlrO60PmEXwUEKp8Mg==",
      "dev": true,
      "license": "MIT",
      "bin": {
        "napi": "scripts/index.js"
      },
      "engines": {
        "node": ">= 10"
      },
      "funding": {
        "type": "github",
        "url": "https://github.com/sponsors/Brooooooklyn"
      }
    },
    "node_modules/@types/node": {
      "version": "22.20.1",
      "resolved": "https://registry.npmjs.org/@types/node/-/node-22.20.1.tgz",
      "integrity": "sha512-EANqOCF9QFyra+4pfxUcX9STKJpCLjMbObVzljIJomAWSnuSIEAvyzEU53GaajbXJEgdh0iEcPL+DGvpUd4k1Q==",
      "dev": true,
      "license": "MIT",
      "dependencies": {
        "undici-types": "~6.21.0"
      }
    },
    "node_modules/typescript": {
      "version": "5.9.3",
      "resolved": "https://registry.npmjs.org/typescript/-/typescript-5.9.3.tgz",
      "integrity": "sha512-jl1vZzPDinLr9eUt3J/t7V6FgNEw9QjvBPdysz9KfQDD41fQrC2Y4vKQdiaUpFT4bXlb1RHhLpp8wtm6M5TgSw==",
      "dev": true,
      "license": "Apache-2.0",
      "bin": {
        "tsc": "bin/tsc",
        "tsserver": "bin/tsserver"
      },
      "engines": {
        "node": ">=14.17"
      }
    },
    "node_modules/undici-types": {
      "version": "6.21.0",
      "resolved": "https://registry.npmjs.org/undici-types/-/undici-types-6.21.0.tgz",
      "integrity": "sha512-iwDZqg0QAGrg9Rav5H4n0M64c3mkR59cJ6wQp+7C4nI0gsmExaedaYLNO44eT4AtBBwjbTiGPMlt2Md0T9H9JQ==",
      "dev": true,
      "license": "MIT"
    }
  }
}
