{
  "name": "@3leaps/sysprims",
  "version": "0.1.18",
  "lockfileVersion": 3,
  "requires": true,
  "packages": {
    "": {
      "name": "@3leaps/sysprims",
      "version": "0.1.18",
      "license": "MIT OR Apache-2.0",
      "devDependencies": {
        "@napi-rs/cli": "^2.18.4",
        "@types/node": "^22.10.0",
        "typescript": "^5.6.3"
      },
      "engines": {
        "node": ">=18"
      },
      "optionalDependencies": {
        "@3leaps/sysprims-darwin-arm64": "0.1.18",
        "@3leaps/sysprims-linux-arm64-gnu": "0.1.18",
        "@3leaps/sysprims-linux-arm64-musl": "0.1.18",
        "@3leaps/sysprims-linux-x64-gnu": "0.1.18",
        "@3leaps/sysprims-linux-x64-musl": "0.1.18",
        "@3leaps/sysprims-win32-arm64-msvc": "0.1.18",
        "@3leaps/sysprims-win32-x64-msvc": "0.1.18"
      }
    },
    "node_modules/@3leaps/sysprims-darwin-arm64": {
      "version": "0.1.17",
      "resolved": "https://registry.npmjs.org/@3leaps/sysprims-darwin-arm64/-/sysprims-darwin-arm64-0.1.17.tgz",
      "integrity": "sha512-W284VR3XULbwMeHZrXSXSoOVmnyAZgJ+wQwqWnHRNbdNqPyrrYWNHWvXwhTCvFt+TXWoqFs5zSL0pNVhtQcn9g==",
      "cpu": [
        "arm64"
      ],
      "license": "MIT OR Apache-2.0",
      "optional": true,
      "os": [
        "darwin"
      ],
      "engines": {
        "node": ">=18"
      }
    },
    "node_modules/@3leaps/sysprims-linux-arm64-gnu": {
      "version": "0.1.17",
      "resolved": "https://registry.npmjs.org/@3leaps/sysprims-linux-arm64-gnu/-/sysprims-linux-arm64-gnu-0.1.17.tgz",
      "integrity": "sha512-Whr/d/U7ETMFJ+U4uOeFq0h0sQPRVcaWdrOLtXSbTQB4D73DwtFNHFs7CTQy0b0FnHaX0i9KWlZOKRQTTJwonA==",
      "cpu": [
        "arm64"
      ],
      "libc": [
        "glibc"
      ],
      "license": "MIT OR Apache-2.0",
      "optional": true,
      "os": [
        "linux"
      ],
      "engines": {
        "node": ">=18"
      }
    },
    "node_modules/@3leaps/sysprims-linux-arm64-musl": {
      "version": "0.1.17",
      "resolved": "https://registry.npmjs.org/@3leaps/sysprims-linux-arm64-musl/-/sysprims-linux-arm64-musl-0.1.17.tgz",
      "integrity": "sha512-kHGCDcqP/xUan8dHTqCvMskchysMGSyc68jhvDnduNP/XMPD851CZ3B2DUQ+yeLux/dFjX1EcnX2/UdOvoHJ6A==",
      "cpu": [
        "arm64"
      ],
      "libc": [
        "musl"
      ],
      "license": "MIT OR Apache-2.0",
      "optional": true,
      "os": [
        "linux"
      ],
      "engines": {
        "node": ">=18"
      }
    },
    "node_modules/@3leaps/sysprims-linux-x64-gnu": {
      "version": "0.1.17",
      "resolved": "https://registry.npmjs.org/@3leaps/sysprims-linux-x64-gnu/-/sysprims-linux-x64-gnu-0.1.17.tgz",
      "integrity": "sha512-wgBN2Qybtn93OjXpgQPlnFWTOh9KerUO82y9kr38SqvN2qJyrTWdh/20Dcv0bMzKgoSMoPs5tBpP7Ja/8VNHcA==",
      "cpu": [
        "x64"
      ],
      "libc": [
        "glibc"
      ],
      "license": "MIT OR Apache-2.0",
      "optional": true,
      "os": [
        "linux"
      ],
      "engines": {
        "node": ">=18"
      }
    },
    "node_modules/@3leaps/sysprims-linux-x64-musl": {
      "version": "0.1.17",
      "resolved": "https://registry.npmjs.org/@3leaps/sysprims-linux-x64-musl/-/sysprims-linux-x64-musl-0.1.17.tgz",
      "integrity": "sha512-5Cc8RkJzUOO6RMHyJEF7f8RAdcQz5zaoAIYOzHh8gpsyhQJoAxKMcAL6RBAB/UXHyJta4Msq3RMM19820f3Zfg==",
      "cpu": [
        "x64"
      ],
      "libc": [
        "musl"
      ],
      "license": "MIT OR Apache-2.0",
      "optional": true,
      "os": [
        "linux"
      ],
      "engines": {
        "node": ">=18"
      }
    },
    "node_modules/@3leaps/sysprims-win32-arm64-msvc": {
      "version": "0.1.17",
      "resolved": "https://registry.npmjs.org/@3leaps/sysprims-win32-arm64-msvc/-/sysprims-win32-arm64-msvc-0.1.17.tgz",
      "integrity": "sha512-orPGsVrHLBb6YjqsVJR3wMBtHG9cbROvjtu+79OlrHWnUc8/IUejchoOXcZGXdmuUjYG8ZtJc+PxI6ydRA9nYQ==",
      "cpu": [
        "arm64"
      ],
      "license": "MIT OR Apache-2.0",
      "optional": true,
      "os": [
        "win32"
      ],
      "engines": {
        "node": ">=18"
      }
    },
    "node_modules/@3leaps/sysprims-win32-x64-msvc": {
      "version": "0.1.17",
      "resolved": "https://registry.npmjs.org/@3leaps/sysprims-win32-x64-msvc/-/sysprims-win32-x64-msvc-0.1.17.tgz",
      "integrity": "sha512-67lSsRt+ADCFS80qJloqj5m0/wew154sGmy7vWAmbdxJFqy84KPO53bUOwYEy4zaG/zY7XcSowJPaeIlsZeRuw==",
      "cpu": [
        "x64"
      ],
      "license": "MIT OR Apache-2.0",
      "optional": true,
      "os": [
        "win32"
      ],
      "engines": {
        "node": ">=18"
      }
    },
    "node_modules/@napi-rs/cli": {
      "version": "2.18.4",
      "resolved": "https://registry.npmjs.org/@napi-rs/cli/-/cli-2.18.4.tgz",
      "integrity": "sha512-SgJeA4df9DE2iAEpr3M2H0OKl/yjtg1BnRI5/JyowS71tUWhrfSu2LT0V3vlHET+g1hBVlrO60PmEXwUEKp8Mg==",
      "dev": true,
      "license": "MIT",
      "bin": {
        "napi": "scripts/index.js"
      },
      "engines": {
        "node": ">= 10"
      },
      "funding": {
        "type": "github",
        "url": "https://github.com/sponsors/Brooooooklyn"
      }
    },
    "node_modules/@types/node": {
      "version": "22.20.0",
      "resolved": "https://registry.npmjs.org/@types/node/-/node-22.20.0.tgz",
      "integrity": "sha512-QWlFW2wf3nTjC13/DqRnBpR4ZO36VJH/JVBkA/vcnmbTBNQIlnObqyqZE1tUR7+Ni23Lda8R1BxMfbXRpCUx5g==",
      "dev": true,
      "license": "MIT",
      "dependencies": {
        "undici-types": "~6.21.0"
      }
    },
    "node_modules/typescript": {
      "version": "5.9.3",
      "resolved": "https://registry.npmjs.org/typescript/-/typescript-5.9.3.tgz",
      "integrity": "sha512-jl1vZzPDinLr9eUt3J/t7V6FgNEw9QjvBPdysz9KfQDD41fQrC2Y4vKQdiaUpFT4bXlb1RHhLpp8wtm6M5TgSw==",
      "dev": true,
      "license": "Apache-2.0",
      "bin": {
        "tsc": "bin/tsc",
        "tsserver": "bin/tsserver"
      },
      "engines": {
        "node": ">=14.17"
      }
    },
    "node_modules/undici-types": {
      "version": "6.21.0",
      "resolved": "https://registry.npmjs.org/undici-types/-/undici-types-6.21.0.tgz",
      "integrity": "sha512-iwDZqg0QAGrg9Rav5H4n0M64c3mkR59cJ6wQp+7C4nI0gsmExaedaYLNO44eT4AtBBwjbTiGPMlt2Md0T9H9JQ==",
      "dev": true,
      "license": "MIT"
    }
  }
}
